# Generated by scripts/vendor-tools.sh — do not hand-edit.
# What this image was built from. Fields: artifact version sha256 source_commit
# Channel: manifest.toml consumed from the depot channel root (ADR-0014).
myclickup.skill 0.7.0 000bd67f6ab1c35cc9daec2f91ba9d4581faca45986a9c86d170aff95660d0ed eb2b25a47d072f6e4f4a16da7f2f10e88dc3409d
myclickup.wheel 0.7.0 fcb662d23923385f58a2c2765df2d6f075aa74c0d1bda30f976e7858a3295e4a eb2b25a47d072f6e4f4a16da7f2f10e88dc3409d
myconv.tree 0.7.0 2e67f50c3aa9968e5dddfd4089739a8a3c770acb5bdfdc36ba5d1e97038e9e2e d2b3d0435b9b7b13ecc08b1e38e7981450503ff4
