# Generated by scripts/vendor-tools.sh — do not hand-edit.
# What this image was built from. Fields: artifact version sha256 source_commit
# Channel: manifest.toml consumed from the depot channel root (ADR-0014).
myclickup.skill 0.6.0 6893e014b7ef1708ebe074387ed6b337d8519fe31afa9bf18d9d7e4929b01fad 8b46ad4136faf142347af3189745c85b1fa870f7
myclickup.wheel 0.6.0 7a5dd96c3987af4f836214fc0acbbd32d3c0e3edf548e854a53708b2d9bdfbd7 8b46ad4136faf142347af3189745c85b1fa870f7
myconv.tree 0.3.0 215753287d95b4caae1b47cf5687cf7e7a7d907626754cb4cfc318e7d90f63b8 a934a951bfcf1c53022670f786cb873ca0959787
