# Generated by scripts/vendor-tools.sh — do not hand-edit.
# What this image was built from. Fields: artifact version sha256 source_commit
# Channel: manifest.toml consumed from the depot channel root (ADR-0014).
myclickup.skill 0.7.0 000bd67f6ab1c35cc9daec2f91ba9d4581faca45986a9c86d170aff95660d0ed eb2b25a47d072f6e4f4a16da7f2f10e88dc3409d
myclickup.wheel 0.7.0 fcb662d23923385f58a2c2765df2d6f075aa74c0d1bda30f976e7858a3295e4a eb2b25a47d072f6e4f4a16da7f2f10e88dc3409d
myconv.tree 0.9.0 7d6a9fc1fde53c2d4edb76407652a725b4100d8b7f68098e42a6a3fd3ca254f1 1a6df64f8fe8ccdd4e5fceafa6ef6e60cd3e6122
paperbridge.skill 0.3.0 785779c72c4ae7ccc87929084681d315e2f6bdbf100f965e814b33e68e77a6a1 9e0fcbaa2ffef9ebe966782d541b86a14fe561f1
paperbridge.wheel 0.3.0 4be3a9962cb299711749548a86505c329ab053c66692835eb6b9116d6f913aa4 9e0fcbaa2ffef9ebe966782d541b86a14fe561f1
